// !$*UTF8*$!
{
	archiveVersion = 1;
	classes = {
	};
	objectVersion = 50;
	objects = {

/* Begin PBXBuildFile section */
		F537966E23E2001900CD57C6 /* AppDelegate.swift in Sources */ = {isa = PBXBuildFile; fileRef = F537966D23E2001900CD57C6 /* AppDelegate.swift */; };
		F537967023E2001900CD57C6 /* SceneDelegate.swift in Sources */ = {isa = PBXBuildFile; fileRef = F537966F23E2001900CD57C6 /* SceneDelegate.swift */; };
		F537967223E2001900CD57C6 /* ViewController.swift in Sources */ = {isa = PBXBuildFile; fileRef = F537967123E2001900CD57C6 /* ViewController.swift */; };
		F537967523E2001900CD57C6 /* Main.storyboard in Resources */ = {isa = PBXBuildFile; fileRef = F537967323E2001900CD57C6 /* Main.storyboard */; };
		F537967723E2001A00CD57C6 /* Assets.xcassets in Resources */ = {isa = PBXBuildFile; fileRef = F537967623E2001A00CD57C6 /* Assets.xcassets */; };
		F537967A23E2001A00CD57C6 /* LaunchScreen.storyboard in Resources */ = {isa = PBXBuildFile; fileRef = F537967823E2001A00CD57C6 /* LaunchScreen.storyboard */; };
		F537968323E203E400CD57C6 /* BarcodeScanner.swift in Sources */ = {isa = PBXBuildFile; fileRef = F537968223E203E400CD57C6 /* BarcodeScanner.swift */; };
		F555A45D244F944100D79C5D /* ScannerCamera.swift in Sources */ = {isa = PBXBuildFile; fileRef = F555A45C244F944100D79C5D /* ScannerCamera.swift */; };
		F555A45F244F964300D79C5D /* BarcodeScannerDelegate.swift in Sources */ = {isa = PBXBuildFile; fileRef = F555A45E244F964300D79C5D /* BarcodeScannerDelegate.swift */; };
/* End PBXBuildFile section */

/* Begin PBXFileReference section */
		F537966A23E2001900CD57C6 /* Barcode Scanner.app */ = {isa = PBXFileReference; explicitFileType = wrapper.application; includeInIndex = 0; path = "Barcode Scanner.app"; sourceTree = BUILT_PRODUCTS_DIR; };
		F537966D23E2001900CD57C6 /* AppDelegate.swift */ = {isa = PBXFileReference; lastKnownFileType = sourcecode.swift; path = AppDelegate.swift; sourceTree = "<group>"; };
		F537966F23E2001900CD57C6 /* SceneDelegate.swift */ = {isa = PBXFileReference; lastKnownFileType = sourcecode.swift; path = SceneDelegate.swift; sourceTree = "<group>"; };
		F537967123E2001900CD57C6 /* ViewController.swift */ = {isa = PBXFileReference; lastKnownFileType = sourcecode.swift; path = ViewController.swift; sourceTree = "<group>"; };
		F537967423E2001900CD57C6 /* Base */ = {isa = PBXFileReference; lastKnownFileType = file.storyboard; name = Base; path = Base.lproj/Main.storyboard; sourceTree = "<group>"; };
		F537967623E2001A00CD57C6 /* Assets.xcassets */ = {isa = PBXFileReference; lastKnownFileType = folder.assetcatalog; path = Assets.xcassets; sourceTree = "<group>"; };
		F537967923E2001A00CD57C6 /* Base */ = {isa = PBXFileReference; lastKnownFileType = file.storyboard; name = Base; path = Base.lproj/LaunchScreen.storyboard; sourceTree = "<group>"; };
		F537967B23E2001A00CD57C6 /* Info.plist */ = {isa = PBXFileReference; lastKnownFileType = text.plist.xml; path = Info.plist; sourceTree = "<group>"; };
		F537968223E203E400CD57C6 /* BarcodeScanner.swift */ = {isa = PBXFileReference; lastKnownFileType = sourcecode.swift; path = BarcodeScanner.swift; sourceTree = "<group>"; };
		F555A45C244F944100D79C5D /* ScannerCamera.swift */ = {isa = PBXFileReference; lastKnownFileType = sourcecode.swift; path = ScannerCamera.swift; sourceTree = "<group>"; };
		F555A45E244F964300D79C5D /* BarcodeScannerDelegate.swift */ = {isa = PBXFileReference; lastKnownFileType = sourcecode.swift; path = BarcodeScannerDelegate.swift; sourceTree = "<group>"; };
/* End PBXFileReference section */

/* Begin PBXFrameworksBuildPhase section */
		F537966723E2001900CD57C6 /* Frameworks */ = {
			isa = PBXFrameworksBuildPhase;
			buildActionMask = 2147483647;
			files = (
			);
			runOnlyForDeploymentPostprocessing = 0;
		};
/* End PBXFrameworksBuildPhase section */

/* Begin PBXGroup section */
		F537966123E2001900CD57C6 = {
			isa = PBXGroup;
			children = (
				F537966C23E2001900CD57C6 /* BarcodeScanner */,
				F537966B23E2001900CD57C6 /* Products */,
			);
			sourceTree = "<group>";
		};
		F537966B23E2001900CD57C6 /* Products */ = {
			isa = PBXGroup;
			children = (
				F537966A23E2001900CD57C6 /* Barcode Scanner.app */,
			);
			name = Products;
			sourceTree = "<group>";
		};
		F537966C23E2001900CD57C6 /* BarcodeScanner */ = {
			isa = PBXGroup;
			children = (
				F555A45B244F942600D79C5D /* BarcodeScannerControl */,
				F537967323E2001900CD57C6 /* Main.storyboard */,
				F537967123E2001900CD57C6 /* ViewController.swift */,
				F537966D23E2001900CD57C6 /* AppDelegate.swift */,
				F537966F23E2001900CD57C6 /* SceneDelegate.swift */,
				F537967623E2001A00CD57C6 /* Assets.xcassets */,
				F537967823E2001A00CD57C6 /* LaunchScreen.storyboard */,
				F537967B23E2001A00CD57C6 /* Info.plist */,
			);
			path = BarcodeScanner;
			sourceTree = "<group>";
		};
		F555A45B244F942600D79C5D /* BarcodeScannerControl */ = {
			isa = PBXGroup;
			children = (
				F537968223E203E400CD57C6 /* BarcodeScanner.swift */,
				F555A45C244F944100D79C5D /* ScannerCamera.swift */,
				F555A45E244F964300D79C5D /* BarcodeScannerDelegate.swift */,
			);
			path = BarcodeScannerControl;
			sourceTree = "<group>";
		};
/* End PBXGroup section */

/* Begin PBXNativeTarget section */
		F537966923E2001900CD57C6 /* BarcodeScannerDemo */ = {
			isa = PBXNativeTarget;
			buildConfigurationList = F537967E23E2001A00CD57C6 /* Build configuration list for PBXNativeTarget "BarcodeScannerDemo" */;
			buildPhases = (
				F537966623E2001900CD57C6 /* Sources */,
				F537966723E2001900CD57C6 /* Frameworks */,
				F537966823E2001900CD57C6 /* Resources */,
			);
			buildRules = (
			);
			dependencies = (
			);
			name = BarcodeScannerDemo;
			productName = QRScannerDemo;
			productReference = F537966A23E2001900CD57C6 /* Barcode Scanner.app */;
			productType = "com.apple.product-type.application";
		};
/* End PBXNativeTarget section */

/* Begin PBXProject section */
		F537966223E2001900CD57C6 /* Project object */ = {
			isa = PBXProject;
			attributes = {
				LastSwiftUpdateCheck = 1120;
				LastUpgradeCheck = 1120;
				ORGANIZATIONNAME = "Ahmed Abdelkarim";
				TargetAttributes = {
					F537966923E2001900CD57C6 = {
						CreatedOnToolsVersion = 11.2.1;
					};
				};
			};
			buildConfigurationList = F537966523E2001900CD57C6 /* Build configuration list for PBXProject "BarcodeScanner" */;
			compatibilityVersion = "Xcode 9.3";
			developmentRegion = en;
			hasScannedForEncodings = 0;
			knownRegions = (
				en,
				Base,
			);
			mainGroup = F537966123E2001900CD57C6;
			productRefGroup = F537966B23E2001900CD57C6 /* Products */;
			projectDirPath = "";
			projectRoot = "";
			targets = (
				F537966923E2001900CD57C6 /* BarcodeScannerDemo */,
			);
		};
/* End PBXProject section */

/* Begin PBXResourcesBuildPhase section */
		F537966823E2001900CD57C6 /* Resources */ = {
			isa = PBXResourcesBuildPhase;
			buildActionMask = 2147483647;
			files = (
				F537967A23E2001A00CD57C6 /* LaunchScreen.storyboard in Resources */,
				F537967723E2001A00CD57C6 /* Assets.xcassets in Resources */,
				F537967523E2001900CD57C6 /* Main.storyboard in Resources */,
			);
			runOnlyForDeploymentPostprocessing = 0;
		};
/* End PBXResourcesBuildPhase section */

/* Begin PBXSourcesBuildPhase section */
		F537966623E2001900CD57C6 /* Sources */ = {
			isa = PBXSourcesBuildPhase;
			buildActionMask = 2147483647;
			files = (
				F537967223E2001900CD57C6 /* ViewController.swift in Sources */,
				F537966E23E2001900CD57C6 /* AppDelegate.swift in Sources */,
				F555A45D244F944100D79C5D /* ScannerCamera.swift in Sources */,
				F537968323E203E400CD57C6 /* BarcodeScanner.swift in Sources */,
				F555A45F244F964300D79C5D /* BarcodeScannerDelegate.swift in Sources */,
				F537967023E2001900CD57C6 /* SceneDelegate.swift in Sources */,
			);
			runOnlyForDeploymentPostprocessing = 0;
		};
/* End PBXSourcesBuildPhase section */

/* Begin PBXVariantGroup section */
		F537967323E2001900CD57C6 /* Main.storyboard */ = {
			isa = PBXVariantGroup;
			children = (
				F537967423E2001900CD57C6 /* Base */,
			);
			name = Main.storyboard;
			sourceTree = "<group>";
		};
		F537967823E2001A00CD57C6 /* LaunchScreen.storyboard */ = {
			isa = PBXVariantGroup;
			children = (
				F537967923E2001A00CD57C6 /* Base */,
			);
			name = LaunchScreen.storyboard;
			sourceTree = "<group>";
		};
/* End PBXVariantGroup section */

/* Begin XCBuildConfiguration section */
		F537967C23E2001A00CD57C6 /* Debug */ = {
			isa = XCBuildConfiguration;
			buildSettings = {
				ALWAYS_SEARCH_USER_PATHS = NO;
				CLANG_ANALYZER_NONNULL = YES;
				CLANG_ANALYZER_NUMBER_OBJECT_CONVERSION = YES_AGGRESSIVE;
				CLANG_CXX_LANGUAGE_STANDARD = "gnu++14";
				CLANG_CXX_LIBRARY = "libc++";
				CLANG_ENABLE_MODULES = YES;
				CLANG_ENABLE_OBJC_ARC = YES;
				CLANG_ENABLE_OBJC_WEAK = YES;
				CLANG_WARN_BLOCK_CAPTURE_AUTORELEASING = YES;
				CLANG_WARN_BOOL_CONVERSION = YES;
				CLANG_WARN_COMMA = YES;
				CLANG_WARN_CONSTANT_CONVERSION = YES;
				CLANG_WARN_DEPRECATED_OBJC_IMPLEMENTATIONS = YES;
				CLANG_WARN_DIRECT_OBJC_ISA_USAGE = YES_ERROR;
				CLANG_WARN_DOCUMENTATION_COMMENTS = YES;
				CLANG_WARN_EMPTY_BODY = YES;
				CLANG_WARN_ENUM_CONVERSION = YES;
				CLANG_WARN_INFINITE_RECURSION = YES;
				CLANG_WARN_INT_CONVERSION = YES;
				CLANG_WARN_NON_LITERAL_NULL_CONVERSION = YES;
				CLANG_WARN_OBJC_IMPLICIT_RETAIN_SELF = YES;
				CLANG_WARN_OBJC_LITERAL_CONVERSION = YES;
				CLANG_WARN_OBJC_ROOT_CLASS = YES_ERROR;
				CLANG_WARN_RANGE_LOOP_ANALYSIS = YES;
				CLANG_WARN_STRICT_PROTOTYPES = YES;
				CLANG_WARN_SUSPICIOUS_MOVE = YES;
				CLANG_WARN_UNGUARDED_AVAILABILITY = YES_AGGRESSIVE;
				CLANG_WARN_UNREACHABLE_CODE = YES;
				CLANG_WARN__DUPLICATE_METHOD_MATCH = YES;
				COPY_PHASE_STRIP = NO;
				DEBUG_INFORMATION_FORMAT = dwarf;
				ENABLE_STRICT_OBJC_MSGSEND = YES;
				ENABLE_TESTABILITY = YES;
				GCC_C_LANGUAGE_STANDARD = gnu11;
				GCC_DYNAMIC_NO_PIC = NO;
				GCC_NO_COMMON_BLOCKS = YES;
				GCC_OPTIMIZATION_LEVEL = 0;
				GCC_PREPROCESSOR_DEFINITIONS = (
					"DEBUG=1",
					"$(inherited)",
				);
				GCC_WARN_64_TO_32_BIT_CONVERSION = YES;
				GCC_WARN_ABOUT_RETURN_TYPE = YES_ERROR;
				GCC_WARN_UNDECLARED_SELECTOR = YES;
				GCC_WARN_UNINITIALIZED_AUTOS = YES_AGGRESSIVE;
				GCC_WARN_UNUSED_FUNCTION = YES;
				GCC_WARN_UNUSED_VARIABLE = YES;
				IPHONEOS_DEPLOYMENT_TARGET = 13.2;
				MTL_ENABLE_DEBUG_INFO = INCLUDE_SOURCE;
				MTL_FAST_MATH = YES;
				ONLY_ACTIVE_ARCH = YES;
				SDKROOT = iphoneos;
				SWIFT_ACTIVE_COMPILATION_CONDITIONS = DEBUG;
				SWIFT_OPTIMIZATION_LEVEL = "-Onone";
			};
			name = Debug;
		};
		F537967D23E2001A00CD57C6 /* Release */ = {
			isa = XCBuildConfiguration;
			buildSettings = {
				ALWAYS_SEARCH_USER_PATHS = NO;
				CLANG_ANALYZER_NONNULL = YES;
				CLANG_ANALYZER_NUMBER_OBJECT_CONVERSION = YES_AGGRESSIVE;
				CLANG_CXX_LANGUAGE_STANDARD = "gnu++14";
				CLANG_CXX_LIBRARY = "libc++";
				CLANG_ENABLE_MODULES = YES;
				CLANG_ENABLE_OBJC_ARC = YES;
				CLANG_ENABLE_OBJC_WEAK = YES;
				CLANG_WARN_BLOCK_CAPTURE_AUTORELEASING = YES;
				CLANG_WARN_BOOL_CONVERSION = YES;
				CLANG_WARN_COMMA = YES;
				CLANG_WARN_CONSTANT_CONVERSION = YES;
				CLANG_WARN_DEPRECATED_OBJC_IMPLEMENTATIONS = YES;
				CLANG_WARN_DIRECT_OBJC_ISA_USAGE = YES_ERROR;
				CLANG_WARN_DOCUMENTATION_COMMENTS = YES;
				CLANG_WARN_EMPTY_BODY = YES;
				CLANG_WARN_ENUM_CONVERSION = YES;
				CLANG_WARN_INFINITE_RECURSION = YES;
				CLANG_WARN_INT_CONVERSION = YES;
				CLANG_WARN_NON_LITERAL_NULL_CONVERSION = YES;
				CLANG_WARN_OBJC_IMPLICIT_RETAIN_SELF = YES;
				CLANG_WARN_OBJC_LITERAL_CONVERSION = YES;
				CLANG_WARN_OBJC_ROOT_CLASS = YES_ERROR;
				CLANG_WARN_RANGE_LOOP_ANALYSIS = YES;
				CLANG_WARN_STRICT_PROTOTYPES = YES;
				CLANG_WARN_SUSPICIOUS_MOVE = YES;
				CLANG_WARN_UNGUARDED_AVAILABILITY = YES_AGGRESSIVE;
				CLANG_WARN_UNREACHABLE_CODE = YES;
				CLANG_WARN__DUPLICATE_METHOD_MATCH = YES;
				COPY_PHASE_STRIP = NO;
				DEBUG_INFORMATION_FORMAT = "dwarf-with-dsym";
				ENABLE_NS_ASSERTIONS = NO;
				ENABLE_STRICT_OBJC_MSGSEND = YES;
				GCC_C_LANGUAGE_STANDARD = gnu11;
				GCC_NO_COMMON_BLOCKS = YES;
				GCC_WARN_64_TO_32_BIT_CONVERSION = YES;
				GCC_WARN_ABOUT_RETURN_TYPE = YES_ERROR;
				GCC_WARN_UNDECLARED_SELECTOR = YES;
				GCC_WARN_UNINITIALIZED_AUTOS = YES_AGGRESSIVE;
				GCC_WARN_UNUSED_FUNCTION = YES;
				GCC_WARN_UNUSED_VARIABLE = YES;
				IPHONEOS_DEPLOYMENT_TARGET = 13.2;
				MTL_ENABLE_DEBUG_INFO = NO;
				MTL_FAST_MATH = YES;
				SDKROOT = iphoneos;
				SWIFT_COMPILATION_MODE = wholemodule;
				SWIFT_OPTIMIZATION_LEVEL = "-O";
				VALIDATE_PRODUCT = YES;
			};
			name = Release;
		};
		F537967F23E2001A00CD57C6 /* Debug */ = {
			isa = XCBuildConfiguration;
			buildSettings = {
				ASSETCATALOG_COMPILER_APPICON_NAME = AppIcon;
				CODE_SIGN_STYLE = Automatic;
				DEVELOPMENT_TEAM = B7772T4P58;
				INFOPLIST_FILE = BarcodeScanner/Info.plist;
				LD_RUNPATH_SEARCH_PATHS = (
					"$(inherited)",
					"@executable_path/Frameworks",
				);
				MARKETING_VERSION = 0.1;
				PRODUCT_BUNDLE_IDENTIFIER = ahmedabdelkarim.apps.BarcodeScanner;
				PRODUCT_NAME = "Barcode Scanner";
				SWIFT_VERSION = 5.0;
				TARGETED_DEVICE_FAMILY = "1,2";
			};
			name = Debug;
		};
		F537968023E2001A00CD57C6 /* Release */ = {
			isa = XCBuildConfiguration;
			buildSettings = {
				ASSETCATALOG_COMPILER_APPICON_NAME = AppIcon;
				CODE_SIGN_STYLE = Automatic;
				DEVELOPMENT_TEAM = B7772T4P58;
				INFOPLIST_FILE = BarcodeScanner/Info.plist;
				LD_RUNPATH_SEARCH_PATHS = (
					"$(inherited)",
					"@executable_path/Frameworks",
				);
				MARKETING_VERSION = 0.1;
				PRODUCT_BUNDLE_IDENTIFIER = ahmedabdelkarim.apps.BarcodeScanner;
				PRODUCT_NAME = "Barcode Scanner";
				SWIFT_VERSION = 5.0;
				TARGETED_DEVICE_FAMILY = "1,2";
			};
			name = Release;
		};
/* End XCBuildConfiguration section */

/* Begin XCConfigurationList section */
		F537966523E2001900CD57C6 /* Build configuration list for PBXProject "BarcodeScanner" */ = {
			isa = XCConfigurationList;
			buildConfigurations = (
				F537967C23E2001A00CD57C6 /* Debug */,
				F537967D23E2001A00CD57C6 /* Release */,
			);
			defaultConfigurationIsVisible = 0;
			defaultConfigurationName = Release;
		};
		F537967E23E2001A00CD57C6 /* Build configuration list for PBXNativeTarget "BarcodeScannerDemo" */ = {
			isa = XCConfigurationList;
			buildConfigurations = (
				F537967F23E2001A00CD57C6 /* Debug */,
				F537968023E2001A00CD57C6 /* Release */,
			);
			defaultConfigurationIsVisible = 0;
			defaultConfigurationName = Release;
		};
/* End XCConfigurationList section */
	};
	rootObject = F537966223E2001900CD57C6 /* Project object */;
}
